{
  "lockfileVersion": 1,
  "workspaces": {
    "": {
      "name": "electron-effect-rpc",
      "devDependencies": {
        "@oxlint/plugins": "1.78.0",
        "@types/node": "^22.0.0",
        "bun-types": "^1.1.0",
        "effect": "^4.0.0-rc.109",
        "electron": "^38.0.0",
        "oxfmt": "^0.34.0",
        "oxlint": "1.78.0",
        "typescript": "^5.7.0",
      },
      "peerDependencies": {
        "effect": "^4.0.0-rc.109",
        "electron": ">=28.0.0",
      },
    },
  },
  "packages": {
    "@electron/get": ["@electron/get@2.0.3", "", { "dependencies": { "debug": "^4.1.1", "env-paths": "^2.2.0", "fs-extra": "^8.1.0", "got": "^11.8.5", "progress": "^2.0.3", "semver": "^6.2.0", "sumchecker": "^3.0.1" }, "optionalDependencies": { "global-agent": "^3.0.0" } }, "sha512-Qkzpg2s9GnVV2I2BjRksUi43U5e6+zaQMcjoJy0C+C5oxaKl+fmckGDQFtRpZpZV0NQekuZZ+tGz7EA9TVnQtQ=="],

    "@msgpackr-extract/msgpackr-extract-darwin-arm64": ["@msgpackr-extract/msgpackr-extract-darwin-arm64@3.0.4", "", { "os": "darwin", "cpu": "arm64" }, "sha512-LCkGo6JDfaBhgST7UpPWgNgLINpcpabaHfyz5OBx75nUYxBsaEPxjnyNjWpeb/xBup/682QnBfRBy2/LvPutZQ=="],

    "@msgpackr-extract/msgpackr-extract-darwin-x64": ["@msgpackr-extract/msgpackr-extract-darwin-x64@3.0.4", "", { "os": "darwin", "cpu": "x64" }, "sha512-zExlW9zUJKZH/tOtVMttwjKa4Xm/3KcNjnE3dPN92uCktwavMxpgCA3MoJK/DOnTWsQgo224OaST27/mPNAf+w=="],

    "@msgpackr-extract/msgpackr-extract-linux-arm": ["@msgpackr-extract/msgpackr-extract-linux-arm@3.0.4", "", { "os": "linux", "cpu": "arm" }, "sha512-Tg3yX65f5GbtXLkrYEHE5oibZG9epyYWas7FogTTEJeDEF9JlXJzKgXaNhT3UXlTOeA+AfZpYZYZ0uPj7Cfquw=="],

    "@msgpackr-extract/msgpackr-extract-linux-arm64": ["@msgpackr-extract/msgpackr-extract-linux-arm64@3.0.4", "", { "os": "linux", "cpu": "arm64" }, "sha512-dgX0P/9wGPJeHFBG+ZmhgE6bmtMt7NP5CRBGyyktpopdk/mW4POnrpQsSLtKI1dwpc+pPLuXHDh6vvskyQE/sw=="],

    "@msgpackr-extract/msgpackr-extract-linux-x64": ["@msgpackr-extract/msgpackr-extract-linux-x64@3.0.4", "", { "os": "linux", "cpu": "x64" }, "sha512-8TNXMEjJc3QEy7R/x1INhgiU+XakDAFUzBhaz7+Rbrs8NH5UQeHQxxmzsSBJGyV6I1jW79undiQm8tOI+D+8FQ=="],

    "@msgpackr-extract/msgpackr-extract-win32-x64": ["@msgpackr-extract/msgpackr-extract-win32-x64@3.0.4", "", { "os": "win32", "cpu": "x64" }, "sha512-CmCXPQrkbwExx3j946/PtHWHbYJiCRBRDl4BlkRQcJB/YOwQxJRTpoo7aTsortjgoJ1x7opzTSxn7C+ASSLVjQ=="],

    "@oxfmt/binding-android-arm-eabi": ["@oxfmt/binding-android-arm-eabi@0.34.0", "", { "os": "android", "cpu": "arm" }, "sha512-sqkqjh/Z38l+duOb1HtVqJTAj1grt2ttkobCopC/72+a4Xxz4xUgZPFyQ4HxrYMvyqO/YA0tvM1QbfOu70Gk1Q=="],

    "@oxfmt/binding-android-arm64": ["@oxfmt/binding-android-arm64@0.34.0", "", { "os": "android", "cpu": "arm64" }, "sha512-1KRCtasHcVcGOMwfOP9d5Bus2NFsN8yAYM5cBwi8LBg5UtXC3C49WHKrlEa8iF1BjOS6CR2qIqiFbGoA0DJQNQ=="],

    "@oxfmt/binding-darwin-arm64": ["@oxfmt/binding-darwin-arm64@0.34.0", "", { "os": "darwin", "cpu": "arm64" }, "sha512-b+Rmw9Bva6e/7PBES2wLO8sEU7Mi0+/Kv+pXSe/Y8i4fWNftZZlGwp8P01eECaUqpXATfSgNxdEKy7+ssVNz7g=="],

    "@oxfmt/binding-darwin-x64": ["@oxfmt/binding-darwin-x64@0.34.0", "", { "os": "darwin", "cpu": "x64" }, "sha512-QGjpevWzf1T9COEokZEWt80kPOtthW1zhRbo7x4Qoz646eTTfi6XsHG2uHeDWJmTbgBoJZPMgj2TAEV/ppEZaA=="],

    "@oxfmt/binding-freebsd-x64": ["@oxfmt/binding-freebsd-x64@0.34.0", "", { "os": "freebsd", "cpu": "x64" }, "sha512-VMSaC02cG75qL59M9M/szEaqq/RsLfgpzQ4nqUu8BUnX1zkiZIW2gTpUv3ZJ6qpWnHxIlAXiRZjQwmcwpvtbcg=="],

    "@oxfmt/binding-linux-arm-gnueabihf": ["@oxfmt/binding-linux-arm-gnueabihf@0.34.0", "", { "os": "linux", "cpu": "arm" }, "sha512-Klm367PFJhH6vYK3vdIOxFepSJZHPaBfIuqwxdkOcfSQ4qqc/M8sgK0UTFnJWWTA/IkhMIh1kW6uEqiZ/xtQqg=="],

    "@oxfmt/binding-linux-arm-musleabihf": ["@oxfmt/binding-linux-arm-musleabihf@0.34.0", "", { "os": "linux", "cpu": "arm" }, "sha512-nqn0QueVXRfbN9m58/E9Zij0Ap8lzayx591eWBYn0sZrGzY1IRv9RYS7J/1YUXbb0Ugedo0a8qIWzUHU9bWQuA=="],

    "@oxfmt/binding-linux-arm64-gnu": ["@oxfmt/binding-linux-arm64-gnu@0.34.0", "", { "os": "linux", "cpu": "arm64" }, "sha512-DDn+dcqW+sMTCEjvLoQvC/VWJjG7h8wcdN/J+g7ZTdf/3/Dx730pQElxPPGsCXPhprb11OsPyMp5FwXjMY3qvA=="],

    "@oxfmt/binding-linux-arm64-musl": ["@oxfmt/binding-linux-arm64-musl@0.34.0", "", { "os": "linux", "cpu": "arm64" }, "sha512-H+F8+71gHQoGTFPPJ6z4dD0Fzfzi0UP8Zx94h5kUmIFThLvMq5K1Y/bUUubiXwwHfwb5C3MPjUpYijiy0rj51Q=="],

    "@oxfmt/binding-linux-ppc64-gnu": ["@oxfmt/binding-linux-ppc64-gnu@0.34.0", "", { "os": "linux", "cpu": "ppc64" }, "sha512-dIGnzTNhCXqQD5pzBwduLg8pClm+t8R53qaE9i5h8iua1iaFAJyLffh4847CNZSlASb7gn1Ofuv7KoG/EpoGZg=="],

    "@oxfmt/binding-linux-riscv64-gnu": ["@oxfmt/binding-linux-riscv64-gnu@0.34.0", "", { "os": "linux", "cpu": "none" }, "sha512-FGQ2GTTooilDte/ogwWwkHuuL3lGtcE3uKM2EcC7kOXNWdUfMY6Jx3JCodNVVbFoybv4A+HuCj8WJji2uu1Ceg=="],

    "@oxfmt/binding-linux-riscv64-musl": ["@oxfmt/binding-linux-riscv64-musl@0.34.0", "", { "os": "linux", "cpu": "none" }, "sha512-2dGbGneJ7ptOIVKMwEIHdCkdZEomh74X3ggo4hCzEXL/rl9HwfsZDR15MkqfQqAs6nVXMvtGIOMxjDYa5lwKaA=="],

    "@oxfmt/binding-linux-s390x-gnu": ["@oxfmt/binding-linux-s390x-gnu@0.34.0", "", { "os": "linux", "cpu": "s390x" }, "sha512-cCtGgmrTrxq3OeSG0UAO+w6yLZTMeOF4XM9SAkNrRUxYhRQELSDQ/iNPCLyHhYNi38uHJQbS5RQweLUDpI4ajA=="],

    "@oxfmt/binding-linux-x64-gnu": ["@oxfmt/binding-linux-x64-gnu@0.34.0", "", { "os": "linux", "cpu": "x64" }, "sha512-7AvMzmeX+k7GdgitXp99GQoIV/QZIpAS7rwxQvC/T541yWC45nwvk4mpnU8N+V6dE5SPEObnqfhCjO80s7qIsg=="],

    "@oxfmt/binding-linux-x64-musl": ["@oxfmt/binding-linux-x64-musl@0.34.0", "", { "os": "linux", "cpu": "x64" }, "sha512-uNiglhcmivJo1oDMh3hoN/Z0WsbEXOpRXZdQ3W/IkOpyV8WF308jFjSC1ZxajdcNRXWej0zgge9QXba58Owt+g=="],

    "@oxfmt/binding-openharmony-arm64": ["@oxfmt/binding-openharmony-arm64@0.34.0", "", { "os": "none", "cpu": "arm64" }, "sha512-5eFsTjCyji25j6zznzlMc+wQAZJoL9oWy576xhqd2efv+N4g1swIzuSDcb1dz4gpcVC6veWe9pAwD7HnrGjLwg=="],

    "@oxfmt/binding-win32-arm64-msvc": ["@oxfmt/binding-win32-arm64-msvc@0.34.0", "", { "os": "win32", "cpu": "arm64" }, "sha512-6id8kK0t5hKfbV6LHDzRO21wRTA6ctTlKGTZIsG/mcoir0rssvaYsedUymF4HDj7tbCUlnxCX/qOajKlEuqbIw=="],

    "@oxfmt/binding-win32-ia32-msvc": ["@oxfmt/binding-win32-ia32-msvc@0.34.0", "", { "os": "win32", "cpu": "ia32" }, "sha512-QHaz+w673mlYqn9v/+fuiKZpjkmagleXQ+NygShDv8tdHpRYX2oYhTJwwt9j1ZfVhRgza1EIUW3JmzCXmtPdhQ=="],

    "@oxfmt/binding-win32-x64-msvc": ["@oxfmt/binding-win32-x64-msvc@0.34.0", "", { "os": "win32", "cpu": "x64" }, "sha512-CXKQM/VaF+yuvGru8ktleHLJoBdjBtTFmAsLGePiESiTN0NjCI/PiaiOCfHMJ1HdP1LykvARUwMvgaN3tDhcrg=="],

    "@oxlint/binding-android-arm-eabi": ["@oxlint/binding-android-arm-eabi@1.78.0", "", { "os": "android", "cpu": "arm" }, "sha512-Bu819lmAfZMUHErrpe0cEWj3iaefuUODHSU8+UbXy67V/r7/7f4K3FL0NmbD85E+wiFLDYuhP8Zlv0XnVeXshw=="],

    "@oxlint/binding-android-arm64": ["@oxlint/binding-android-arm64@1.78.0", "", { "os": "android", "cpu": "arm64" }, "sha512-CDfxZgB61B7buRdY2FJoAYYPPXCZ1EoC1LKscnC5dg3kjobdxiconvAvvN1BmHyW4PyFT3jRLDag/BY/roSNBQ=="],

    "@oxlint/binding-darwin-arm64": ["@oxlint/binding-darwin-arm64@1.78.0", "", { "os": "darwin", "cpu": "arm64" }, "sha512-2Y2U9Ahrz+OO0Ej88f9SJYq51/jUBp1Mc7iZu0ukrbeeZ3gpRGfzIFnoqfHDY96xr0GEfNrPUBFEy0nN5aD7HA=="],

    "@oxlint/binding-darwin-x64": ["@oxlint/binding-darwin-x64@1.78.0", "", { "os": "darwin", "cpu": "x64" }, "sha512-rpych6eJq6m9jDRypTEaPD1xysaEW5h9+xuxhGK/QhOg+/xaqPZrCrTNoIl/f3nEjuJeCEmstNDlrE9rJi/3/g=="],

    "@oxlint/binding-freebsd-x64": ["@oxlint/binding-freebsd-x64@1.78.0", "", { "os": "freebsd", "cpu": "x64" }, "sha512-IcMGrQT3QizkOESUJd5et+rOhVqSkNDfNik1cvrKDqIbzqx9KMtRswpFgkCuNTSwylCFLKhGUu8KmqY1ZnC0Dg=="],

    "@oxlint/binding-linux-arm-gnueabihf": ["@oxlint/binding-linux-arm-gnueabihf@1.78.0", "", { "os": "linux", "cpu": "arm" }, "sha512-/uLdoJ0IXE6vo/0f0LKjinQAp+re+VMaCWaNT8ENIv2EOCkSsc8SGaflXAuW0Jua2dq5+GLVWm1NQK7P3UFSNQ=="],

    "@oxlint/binding-linux-arm-musleabihf": ["@oxlint/binding-linux-arm-musleabihf@1.78.0", "", { "os": "linux", "cpu": "arm" }, "sha512-7xi4Wb/O8NRJhLoUXmDJMUVpNYvB5kefdhFU1Jb8rtae4QoXlTiLwI14X4YvAXVZLNZChP8m5qO9SQAlWQTbkQ=="],

    "@oxlint/binding-linux-arm64-gnu": ["@oxlint/binding-linux-arm64-gnu@1.78.0", "", { "os": "linux", "cpu": "arm64" }, "sha512-4hFW0+fVXa3OIh1Y4A5SPkmvI4wuuBSrCVKzOyE7PTjhc7yEqZ1pmvEEeS5Lj/MaqvegFxXyF33N+6jkehxdyg=="],

    "@oxlint/binding-linux-arm64-musl": ["@oxlint/binding-linux-arm64-musl@1.78.0", "", { "os": "linux", "cpu": "arm64" }, "sha512-oC0mvsgBJjlMijSDEhx9KuvR9zYeHXceA9MjbuXB1F8NSR78Yj2unOBrstEvTVaq+pko+kuue6DajC00eqvTdg=="],

    "@oxlint/binding-linux-ppc64-gnu": ["@oxlint/binding-linux-ppc64-gnu@1.78.0", "", { "os": "linux", "cpu": "ppc64" }, "sha512-XAllT5SUZS+ohjuZ3/5S0cwe0r7eboiuigeStCZ5DXRYx/2KVM2UvQXvAfyzXEimtQjAB7cDQ2YxDe2Zl2WNQQ=="],

    "@oxlint/binding-linux-riscv64-gnu": ["@oxlint/binding-linux-riscv64-gnu@1.78.0", "", { "os": "linux", "cpu": "none" }, "sha512-trucMER/0QtecoXvc1y/UVqE3kwJipDwrx4oHfj+nNm3dq2zjP44WT0CfHNDPM3G1DXIkx/gY6lAD21NSCZVhA=="],

    "@oxlint/binding-linux-riscv64-musl": ["@oxlint/binding-linux-riscv64-musl@1.78.0", "", { "os": "linux", "cpu": "none" }, "sha512-cm3O4F/HQbdzOUX5mKHqG5KDL6E5w0pnlZ+fbBy2rmLryPOowkuLagFHTopQsEIpjcaZoPOrL+BmmAytAG9HFg=="],

    "@oxlint/binding-linux-s390x-gnu": ["@oxlint/binding-linux-s390x-gnu@1.78.0", "", { "os": "linux", "cpu": "s390x" }, "sha512-33wRf6HqGNsybJ3qX4cGaQN2ODPxNmc1rMa0mrTmx3eFq1VzOnvQooi9bIGVYakW8a/wmqVx1mgsUm8R2xfTiw=="],

    "@oxlint/binding-linux-x64-gnu": ["@oxlint/binding-linux-x64-gnu@1.78.0", "", { "os": "linux", "cpu": "x64" }, "sha512-rRdISSYegj6VganMZ9tjRjijowfHJ09IZU01i0toBAqr6n5LEtwHq2IeS4FjW2RoskOHlb6efB26H5izYb3GEQ=="],

    "@oxlint/binding-linux-x64-musl": ["@oxlint/binding-linux-x64-musl@1.78.0", "", { "os": "linux", "cpu": "x64" }, "sha512-GmsP4rW0xTL6u5CVdcDsaN5Fbc7hBc382Wmar1kttbnwSEviM+rSINKOMQ+UQ6iH+AGwC+8gaAiwu134Tgh6Lg=="],

    "@oxlint/binding-openharmony-arm64": ["@oxlint/binding-openharmony-arm64@1.78.0", "", { "os": "none", "cpu": "arm64" }, "sha512-sy9yeYuADc8a+n4TLBayzMCZiHPW78DcIFVpOXTmdKHWQeM9xe5uzkqIIZmi326D5hY9XVwacipEB1p7tQjPAg=="],

    "@oxlint/binding-win32-arm64-msvc": ["@oxlint/binding-win32-arm64-msvc@1.78.0", "", { "os": "win32", "cpu": "arm64" }, "sha512-rjc2hF1KfMi8fZj1X/m3AmnHbdsF3rL0v6KQg0Uc880Yb2khjz+3U14sfdZ7jWTpRnN1m1NQa/TT7uU9lJWPrA=="],

    "@oxlint/binding-win32-ia32-msvc": ["@oxlint/binding-win32-ia32-msvc@1.78.0", "", { "os": "win32", "cpu": "ia32" }, "sha512-zcuXFVrEFHIafRfkCQT8w/Xe41o07ozl/vwHq7p94vB29xVzsB0sZGYORU1jhcYKv3Lr0J3HbJ2T4fHH5rWmvA=="],

    "@oxlint/binding-win32-x64-msvc": ["@oxlint/binding-win32-x64-msvc@1.78.0", "", { "os": "win32", "cpu": "x64" }, "sha512-Sb5ocmLSuYeOuXd+CFOToGKp/gjXUEWDnvIGwhnh8aq8wY4TMmEnKnvbogSW7RdMZv77JSARduS7/gv+khYEjA=="],

    "@oxlint/plugins": ["@oxlint/plugins@1.78.0", "", {}, "sha512-Ypt8KeRYw+4jUtlPirfcHWMrn5ms12VrrFPD+Mds477/7tJxG1Kcz2Yrg2nVcTQEUx/GdlhS+BUg1kmxNm04Ug=="],

    "@sindresorhus/is": ["@sindresorhus/is@4.6.0", "", {}, "sha512-t09vSN3MdfsyCHoFcTRCH/iUtG7OJ0CsjzB8cjAmKc/va/kIgeDI/TxsigdncE/4be734m0cvIYwNaV4i2XqAw=="],

    "@standard-schema/spec": ["@standard-schema/spec@1.1.0", "", {}, "sha512-l2aFy5jALhniG5HgqrD6jXLi/rUWrKvqN/qJx6yoJsgKhblVd+iqqU4RCXavm/jPityDo5TCvKMnpjKnOriy0w=="],

    "@szmarczak/http-timer": ["@szmarczak/http-timer@4.0.6", "", { "dependencies": { "defer-to-connect": "^2.0.0" } }, "sha512-4BAffykYOgO+5nzBWYwE3W90sBgLJoUPRWWcL8wlyiM8IB8ipJz3UMJ9KXQd1RKQXpKp8Tutn80HZtWsu2u76w=="],

    "@types/cacheable-request": ["@types/cacheable-request@6.0.3", "", { "dependencies": { "@types/http-cache-semantics": "*", "@types/keyv": "^3.1.4", "@types/node": "*", "@types/responselike": "^1.0.0" } }, "sha512-IQ3EbTzGxIigb1I3qPZc1rWJnH0BmSKv5QYTalEwweFvyBDLSAe24zP0le/hyi7ecGfZVlIVAg4BZqb8WBwKqw=="],

    "@types/http-cache-semantics": ["@types/http-cache-semantics@4.0.4", "", {}, "sha512-1m0bIFVc7eJWyve9S0RnuRgcQqF/Xd5QsUZAZeQFr1Q3/p9JWoQQEqmVy+DPTNpGXwhgIetAoYF8JSc33q29QA=="],

    "@types/keyv": ["@types/keyv@3.1.4", "", { "dependencies": { "@types/node": "*" } }, "sha512-BQ5aZNSCpj7D6K2ksrRCTmKRLEpnPvWDiLPfoGyhZ++8YtiK9d/3DBKPJgry359X/P1PfruyYwvnvwFjuEiEIg=="],

    "@types/node": ["@types/node@22.19.7", "", { "dependencies": { "undici-types": "~6.21.0" } }, "sha512-MciR4AKGHWl7xwxkBa6xUGxQJ4VBOmPTF7sL+iGzuahOFaO0jHCsuEfS80pan1ef4gWId1oWOweIhrDEYLuaOw=="],

    "@types/responselike": ["@types/responselike@1.0.3", "", { "dependencies": { "@types/node": "*" } }, "sha512-H/+L+UkTV33uf49PH5pCAUBVPNj2nDBXTN+qS1dOwyyg24l3CcicicCA7ca+HMvJBZcFgl5r8e+RR6elsb4Lyw=="],

    "@types/yauzl": ["@types/yauzl@2.10.3", "", { "dependencies": { "@types/node": "*" } }, "sha512-oJoftv0LSuaDZE3Le4DbKX+KS9G36NzOeSap90UIK0yMA/NhKJhqlSGtNDORNRaIbQfzjXDrQa0ytJ6mNRGz/Q=="],

    "boolean": ["boolean@3.2.0", "", {}, "sha512-d0II/GO9uf9lfUHH2BQsjxzRJZBdsjgsBiW4BvhWk/3qoKwQFjIDVN19PfX8F2D/r9PCMTtLWjYVCFrpeYUzsw=="],

    "buffer-crc32": ["buffer-crc32@0.2.13", "", {}, "sha512-VO9Ht/+p3SN7SKWqcrgEzjGbRSJYTx+Q1pTQC0wrWqHx0vpJraQ6GtHx8tvcg1rlK1byhU5gccxgOgj7B0TDkQ=="],

    "bun-types": ["bun-types@1.3.6", "", { "dependencies": { "@types/node": "*" } }, "sha512-OlFwHcnNV99r//9v5IIOgQ9Uk37gZqrNMCcqEaExdkVq3Avwqok1bJFmvGMCkCE0FqzdY8VMOZpfpR3lwI+CsQ=="],

    "cacheable-lookup": ["cacheable-lookup@5.0.4", "", {}, "sha512-2/kNscPhpcxrOigMZzbiWF7dz8ilhb/nIHU3EyZiXWXpeq/au8qJ8VhdftMkty3n7Gj6HIGalQG8oiBNB3AJgA=="],

    "cacheable-request": ["cacheable-request@7.0.4", "", { "dependencies": { "clone-response": "^1.0.2", "get-stream": "^5.1.0", "http-cache-semantics": "^4.0.0", "keyv": "^4.0.0", "lowercase-keys": "^2.0.0", "normalize-url": "^6.0.1", "responselike": "^2.0.0" } }, "sha512-v+p6ongsrp0yTGbJXjgxPow2+DL93DASP4kXCDKb8/bwRtt9OEF3whggkkDkGNzgcWy2XaF4a8nZglC7uElscg=="],

    "clone-response": ["clone-response@1.0.3", "", { "dependencies": { "mimic-response": "^1.0.0" } }, "sha512-ROoL94jJH2dUVML2Y/5PEDNaSHgeOdSDicUyS7izcF63G6sTc/FTjLub4b8Il9S8S0beOfYt0TaA5qvFK+w0wA=="],

    "debug": ["debug@4.4.3", "", { "dependencies": { "ms": "^2.1.3" } }, "sha512-RGwwWnwQvkVfavKVt22FGLw+xYSdzARwm0ru6DhTVA3umU5hZc28V3kO4stgYryrTlLpuvgI9GiijltAjNbcqA=="],

    "decompress-response": ["decompress-response@6.0.0", "", { "dependencies": { "mimic-response": "^3.1.0" } }, "sha512-aW35yZM6Bb/4oJlZncMH2LCoZtJXTRxES17vE3hoRiowU2kWHaJKFkSBDnDR+cm9J+9QhXmREyIfv0pji9ejCQ=="],

    "defer-to-connect": ["defer-to-connect@2.0.1", "", {}, "sha512-4tvttepXG1VaYGrRibk5EwJd1t4udunSOVMdLSAL6mId1ix438oPwPZMALY41FCijukO1L0twNcGsdzS7dHgDg=="],

    "define-data-property": ["define-data-property@1.1.4", "", { "dependencies": { "es-define-property": "^1.0.0", "es-errors": "^1.3.0", "gopd": "^1.0.1" } }, "sha512-rBMvIzlpA8v6E+SJZoo++HAYqsLrkg7MSfIinMPFhmkorw7X+dOXVJQs+QT69zGkzMyfDnIMN2Wid1+NbL3T+A=="],

    "define-properties": ["define-properties@1.2.1", "", { "dependencies": { "define-data-property": "^1.0.1", "has-property-descriptors": "^1.0.0", "object-keys": "^1.1.1" } }, "sha512-8QmQKqEASLd5nx0U1B1okLElbUuuttJ/AnYmRXbbbGDWh6uS208EjD4Xqq/I9wK7u0v6O08XhTWnt5XtEbR6Dg=="],

    "detect-libc": ["detect-libc@2.1.2", "", {}, "sha512-Btj2BOOO83o3WyH59e8MgXsxEQVcarkUOpEYrubB0urwnN10yQ364rsiByU11nZlqWYZm05i/of7io4mzihBtQ=="],

    "detect-node": ["detect-node@2.1.0", "", {}, "sha512-T0NIuQpnTvFDATNuHN5roPwSBG83rFsuO+MXXH9/3N1eFbn4wcPjttvjMLEPWJ0RGUYgQE7cGgS3tNxbqCGM7g=="],

    "effect": ["effect@4.0.0-rc.109", "", { "dependencies": { "@standard-schema/spec": "^1.1.0", "fast-check": "^4.9.0", "msgpackr": "^2.0.4" } }, "sha512-6ubcOCtfdbmFO5+vgcT2HsTw5s+n3aMUj4eAIbVpUxP7+VYCwXxxcBHgiWgizOrGO1eGmuOBFek3mM0dFcwaWA=="],

    "electron": ["electron@38.7.2", "", { "dependencies": { "@electron/get": "^2.0.0", "@types/node": "^22.7.7", "extract-zip": "^2.0.1" }, "bin": { "electron": "cli.js" } }, "sha512-BcjR0IHqp3uv4ytVQwW2/9zAWo17Rjwrydn6RS+g+vqhpcPTzmBHDCHKaEcqheSl/7zzKPgFZdvT21BoSfrxRQ=="],

    "end-of-stream": ["end-of-stream@1.4.5", "", { "dependencies": { "once": "^1.4.0" } }, "sha512-ooEGc6HP26xXq/N+GCGOT0JKCLDGrq2bQUZrQ7gyrJiZANJ/8YDTxTpQBXGMn+WbIQXNVpyWymm7KYVICQnyOg=="],

    "env-paths": ["env-paths@2.2.1", "", {}, "sha512-+h1lkLKhZMTYjog1VEpJNG7NZJWcuc2DDk/qsqSTRRCOXiLjeQ1d1/udrUGhqMxUgAlwKNZ0cf2uqan5GLuS2A=="],

    "es-define-property": ["es-define-property@1.0.1", "", {}, "sha512-e3nRfgfUZ4rNGL232gUgX06QNyyez04KdjFrF+LTRoOXmrOgFKDg4BCdsjW8EnT69eqdYGmRpJwiPVYNrCaW3g=="],

    "es-errors": ["es-errors@1.3.0", "", {}, "sha512-Zf5H2Kxt2xjTvbJvP2ZWLEICxA6j+hAmMzIlypy4xcBg1vKVnx89Wy0GbS+kf5cwCVFFzdCFh2XSCFNULS6csw=="],

    "es6-error": ["es6-error@4.1.1", "", {}, "sha512-Um/+FxMr9CISWh0bi5Zv0iOD+4cFh5qLeks1qhAopKVAJw3drgKbKySikp7wGhDL0HPeaja0P5ULZrxLkniUVg=="],

    "escape-string-regexp": ["escape-string-regexp@4.0.0", "", {}, "sha512-TtpcNJ3XAzx3Gq8sWRzJaVajRs0uVxA2YAkdb1jm2YkPz4G6egUFAyA3n5vtEIZefPk5Wa4UXbKuS5fKkJWdgA=="],

    "extract-zip": ["extract-zip@2.0.1", "", { "dependencies": { "debug": "^4.1.1", "get-stream": "^5.1.0", "yauzl": "^2.10.0" }, "optionalDependencies": { "@types/yauzl": "^2.9.1" }, "bin": { "extract-zip": "cli.js" } }, "sha512-GDhU9ntwuKyGXdZBUgTIe+vXnWj0fppUEtMDL0+idd5Sta8TGpHssn/eusA9mrPr9qNDym6SxAYZjNvCn/9RBg=="],

    "fast-check": ["fast-check@4.9.0", "", { "dependencies": { "pure-rand": "^8.0.0" } }, "sha512-7ms6T7SybUev/PQITciI0yLM2pOSFy5zpG8Ty7tQofcVaQUvrMXp6CBwqF6fThLCLOrfBtuHAtwq6Yu4XPCllg=="],

    "fd-slicer": ["fd-slicer@1.1.0", "", { "dependencies": { "pend": "~1.2.0" } }, "sha512-cE1qsB/VwyQozZ+q1dGxR8LBYNZeofhEdUNGSMbQD3Gw2lAzX9Zb3uIU6Ebc/Fmyjo9AWWfnn0AUCHqtevs/8g=="],

    "fs-extra": ["fs-extra@8.1.0", "", { "dependencies": { "graceful-fs": "^4.2.0", "jsonfile": "^4.0.0", "universalify": "^0.1.0" } }, "sha512-yhlQgA6mnOJUKOsRUFsgJdQCvkKhcz8tlZG5HBQfReYZy46OwLcY+Zia0mtdHsOo9y/hP+CxMN0TU9QxoOtG4g=="],

    "get-stream": ["get-stream@5.2.0", "", { "dependencies": { "pump": "^3.0.0" } }, "sha512-nBF+F1rAZVCu/p7rjzgA+Yb4lfYXrpl7a6VmJrU8wF9I1CKvP/QwPNZHnOlwbTkY6dvtFIzFMSyQXbLoTQPRpA=="],

    "global-agent": ["global-agent@3.0.0", "", { "dependencies": { "boolean": "^3.0.1", "es6-error": "^4.1.1", "matcher": "^3.0.0", "roarr": "^2.15.3", "semver": "^7.3.2", "serialize-error": "^7.0.1" } }, "sha512-PT6XReJ+D07JvGoxQMkT6qji/jVNfX/h364XHZOWeRzy64sSFr+xJ5OX7LI3b4MPQzdL4H8Y8M0xzPpsVMwA8Q=="],

    "globalthis": ["globalthis@1.0.4", "", { "dependencies": { "define-properties": "^1.2.1", "gopd": "^1.0.1" } }, "sha512-DpLKbNU4WylpxJykQujfCcwYWiV/Jhm50Goo0wrVILAv5jOr9d+H+UR3PhSCD2rCCEIg0uc+G+muBTwD54JhDQ=="],

    "gopd": ["gopd@1.2.0", "", {}, "sha512-ZUKRh6/kUFoAiTAtTYPZJ3hw9wNxx+BIBOijnlG9PnrJsCcSjs1wyyD6vJpaYtgnzDrKYRSqf3OO6Rfa93xsRg=="],

    "got": ["got@11.8.6", "", { "dependencies": { "@sindresorhus/is": "^4.0.0", "@szmarczak/http-timer": "^4.0.5", "@types/cacheable-request": "^6.0.1", "@types/responselike": "^1.0.0", "cacheable-lookup": "^5.0.3", "cacheable-request": "^7.0.2", "decompress-response": "^6.0.0", "http2-wrapper": "^1.0.0-beta.5.2", "lowercase-keys": "^2.0.0", "p-cancelable": "^2.0.0", "responselike": "^2.0.0" } }, "sha512-6tfZ91bOr7bOXnK7PRDCGBLa1H4U080YHNaAQ2KsMGlLEzRbk44nsZF2E1IeRc3vtJHPVbKCYgdFbaGO2ljd8g=="],

    "graceful-fs": ["graceful-fs@4.2.11", "", {}, "sha512-RbJ5/jmFcNNCcDV5o9eTnBLJ/HszWV0P73bc+Ff4nS/rJj+YaS6IGyiOL0VoBYX+l1Wrl3k63h/KrH+nhJ0XvQ=="],

    "has-property-descriptors": ["has-property-descriptors@1.0.2", "", { "dependencies": { "es-define-property": "^1.0.0" } }, "sha512-55JNKuIW+vq4Ke1BjOTjM2YctQIvCT7GFzHwmfZPGo5wnrgkid0YQtnAleFSqumZm4az3n2BS+erby5ipJdgrg=="],

    "http-cache-semantics": ["http-cache-semantics@4.2.0", "", {}, "sha512-dTxcvPXqPvXBQpq5dUr6mEMJX4oIEFv6bwom3FDwKRDsuIjjJGANqhBuoAn9c1RQJIdAKav33ED65E2ys+87QQ=="],

    "http2-wrapper": ["http2-wrapper@1.0.3", "", { "dependencies": { "quick-lru": "^5.1.1", "resolve-alpn": "^1.0.0" } }, "sha512-V+23sDMr12Wnz7iTcDeJr3O6AIxlnvT/bmaAAAP/Xda35C90p9599p0F1eHR/N1KILWSoWVAiOMFjBBXaXSMxg=="],

    "json-buffer": ["json-buffer@3.0.1", "", {}, "sha512-4bV5BfR2mqfQTJm+V5tPPdf+ZpuhiIvTuAB5g8kcrXOZpTT/QwwVRWBywX1ozr6lEuPdbHxwaJlm9G6mI2sfSQ=="],

    "json-stringify-safe": ["json-stringify-safe@5.0.1", "", {}, "sha512-ZClg6AaYvamvYEE82d3Iyd3vSSIjQ+odgjaTzRuO3s7toCdFKczob2i0zCh7JE8kWn17yvAWhUVxvqGwUalsRA=="],

    "jsonfile": ["jsonfile@4.0.0", "", { "optionalDependencies": { "graceful-fs": "^4.1.6" } }, "sha512-m6F1R3z8jjlf2imQHS2Qez5sjKWQzbuuhuJ/FKYFRZvPE3PuHcSMVZzfsLhGVOkfd20obL5SWEBew5ShlquNxg=="],

    "keyv": ["keyv@4.5.4", "", { "dependencies": { "json-buffer": "3.0.1" } }, "sha512-oxVHkHR/EJf2CNXnWxRLW6mg7JyCCUcG0DtEGmL2ctUo1PNTin1PUil+r/+4r5MpVgC/fn1kjsx7mjSujKqIpw=="],

    "lowercase-keys": ["lowercase-keys@2.0.0", "", {}, "sha512-tqNXrS78oMOE73NMxK4EMLQsQowWf8jKooH9g7xPavRT706R6bkQJ6DY2Te7QukaZsulxa30wQ7bk0pm4XiHmA=="],

    "matcher": ["matcher@3.0.0", "", { "dependencies": { "escape-string-regexp": "^4.0.0" } }, "sha512-OkeDaAZ/bQCxeFAozM55PKcKU0yJMPGifLwV4Qgjitu+5MoAfSQN4lsLJeXZ1b8w0x+/Emda6MZgXS1jvsapng=="],

    "mimic-response": ["mimic-response@3.1.0", "", {}, "sha512-z0yWI+4FDrrweS8Zmt4Ej5HdJmky15+L2e6Wgn3+iK5fWzb6T3fhNFq2+MeTRb064c6Wr4N/wv0DzQTjNzHNGQ=="],

    "ms": ["ms@2.1.3", "", {}, "sha512-6FlzubTLZG3J2a/NVCAleEhjzq5oxgHyaCU9yYXvcLsvoVaHJq/s5xXI6/XXP6tz7R9xAOtHnSO/tXtF3WRTlA=="],

    "msgpackr": ["msgpackr@2.0.5", "", { "optionalDependencies": { "msgpackr-extract": "^3.0.4" } }, "sha512-cef05H/dSYpLpqp3sj/qyZh5vhUYCalnaLO7j1yOmpsR0y/XwLVtK7r5gn+U/F7CTEfMowcGhlUQJDLcLf7jcA=="],

    "msgpackr-extract": ["msgpackr-extract@3.0.4", "", { "dependencies": { "node-gyp-build-optional-packages": "5.2.2" }, "optionalDependencies": { "@msgpackr-extract/msgpackr-extract-darwin-arm64": "3.0.4", "@msgpackr-extract/msgpackr-extract-darwin-x64": "3.0.4", "@msgpackr-extract/msgpackr-extract-linux-arm": "3.0.4", "@msgpackr-extract/msgpackr-extract-linux-arm64": "3.0.4", "@msgpackr-extract/msgpackr-extract-linux-x64": "3.0.4", "@msgpackr-extract/msgpackr-extract-win32-x64": "3.0.4" }, "bin": { "download-msgpackr-prebuilds": "bin/download-prebuilds.js" } }, "sha512-4kmO/MdyUIkLIvTPr8VHLil4AtoKIoniWPIEk5+CDy0xnWC84azhSFmuJ7PxZdsYtiP5kEeQsORAVIeMgxT+Hw=="],

    "node-gyp-build-optional-packages": ["node-gyp-build-optional-packages@5.2.2", "", { "dependencies": { "detect-libc": "^2.0.1" }, "bin": { "node-gyp-build-optional-packages": "bin.js", "node-gyp-build-optional-packages-optional": "optional.js", "node-gyp-build-optional-packages-test": "build-test.js" } }, "sha512-s+w+rBWnpTMwSFbaE0UXsRlg7hU4FjekKU4eyAih5T8nJuNZT1nNsskXpxmeqSK9UzkBl6UgRlnKc8hz8IEqOw=="],

    "normalize-url": ["normalize-url@6.1.0", "", {}, "sha512-DlL+XwOy3NxAQ8xuC0okPgK46iuVNAK01YN7RueYBqqFeGsBjV9XmCAzAdgt+667bCl5kPh9EqKKDwnaPG1I7A=="],

    "object-keys": ["object-keys@1.1.1", "", {}, "sha512-NuAESUOUMrlIXOfHKzD6bpPu3tYt3xvjNdRIQ+FeT0lNb4K8WR70CaDxhuNguS2XG+GjkyMwOzsN5ZktImfhLA=="],

    "once": ["once@1.4.0", "", { "dependencies": { "wrappy": "1" } }, "sha512-lNaJgI+2Q5URQBkccEKHTQOPaXdUxnZZElQTZY0MFUAuaEqe1E+Nyvgdz/aIyNi6Z9MzO5dv1H8n58/GELp3+w=="],

    "oxfmt": ["oxfmt@0.34.0", "", { "dependencies": { "tinypool": "2.1.0" }, "optionalDependencies": { "@oxfmt/binding-android-arm-eabi": "0.34.0", "@oxfmt/binding-android-arm64": "0.34.0", "@oxfmt/binding-darwin-arm64": "0.34.0", "@oxfmt/binding-darwin-x64": "0.34.0", "@oxfmt/binding-freebsd-x64": "0.34.0", "@oxfmt/binding-linux-arm-gnueabihf": "0.34.0", "@oxfmt/binding-linux-arm-musleabihf": "0.34.0", "@oxfmt/binding-linux-arm64-gnu": "0.34.0", "@oxfmt/binding-linux-arm64-musl": "0.34.0", "@oxfmt/binding-linux-ppc64-gnu": "0.34.0", "@oxfmt/binding-linux-riscv64-gnu": "0.34.0", "@oxfmt/binding-linux-riscv64-musl": "0.34.0", "@oxfmt/binding-linux-s390x-gnu": "0.34.0", "@oxfmt/binding-linux-x64-gnu": "0.34.0", "@oxfmt/binding-linux-x64-musl": "0.34.0", "@oxfmt/binding-openharmony-arm64": "0.34.0", "@oxfmt/binding-win32-arm64-msvc": "0.34.0", "@oxfmt/binding-win32-ia32-msvc": "0.34.0", "@oxfmt/binding-win32-x64-msvc": "0.34.0" }, "bin": { "oxfmt": "bin/oxfmt" } }, "sha512-t+zTE4XGpzPTK+Zk9gSwcJcFi4pqjl6PwO/ZxPBJiJQ2XCKMucwjPlHxvPHyVKJtkMSyrDGfQ7Ntg/hUr4OgHQ=="],

    "oxlint": ["oxlint@1.78.0", "", { "optionalDependencies": { "@oxlint/binding-android-arm-eabi": "1.78.0", "@oxlint/binding-android-arm64": "1.78.0", "@oxlint/binding-darwin-arm64": "1.78.0", "@oxlint/binding-darwin-x64": "1.78.0", "@oxlint/binding-freebsd-x64": "1.78.0", "@oxlint/binding-linux-arm-gnueabihf": "1.78.0", "@oxlint/binding-linux-arm-musleabihf": "1.78.0", "@oxlint/binding-linux-arm64-gnu": "1.78.0", "@oxlint/binding-linux-arm64-musl": "1.78.0", "@oxlint/binding-linux-ppc64-gnu": "1.78.0", "@oxlint/binding-linux-riscv64-gnu": "1.78.0", "@oxlint/binding-linux-riscv64-musl": "1.78.0", "@oxlint/binding-linux-s390x-gnu": "1.78.0", "@oxlint/binding-linux-x64-gnu": "1.78.0", "@oxlint/binding-linux-x64-musl": "1.78.0", "@oxlint/binding-openharmony-arm64": "1.78.0", "@oxlint/binding-win32-arm64-msvc": "1.78.0", "@oxlint/binding-win32-ia32-msvc": "1.78.0", "@oxlint/binding-win32-x64-msvc": "1.78.0" }, "peerDependencies": { "oxlint-tsgolint": ">=7.0.2001", "vite-plus": "*" }, "optionalPeers": ["oxlint-tsgolint", "vite-plus"], "bin": { "oxlint": "bin/oxlint" } }, "sha512-QgQePuxIqKOzo1KSjG2EnITEeWvWnKAm77eq8nrMtf6AGoA+zyGc4PFYtDNJSD25g/ibOwfQ851hZ4/SPkMVoA=="],

    "p-cancelable": ["p-cancelable@2.1.1", "", {}, "sha512-BZOr3nRQHOntUjTrH8+Lh54smKHoHyur8We1V8DSMVrl5A2malOOwuJRnKRDjSnkoeBh4at6BwEnb5I7Jl31wg=="],

    "pend": ["pend@1.2.0", "", {}, "sha512-F3asv42UuXchdzt+xXqfW1OGlVBe+mxa2mqI0pg5yAHZPvFmY3Y6drSf/GQ1A86WgWEN9Kzh/WrgKa6iGcHXLg=="],

    "progress": ["progress@2.0.3", "", {}, "sha512-7PiHtLll5LdnKIMw100I+8xJXR5gW2QwWYkT6iJva0bXitZKa/XMrSbdmg3r2Xnaidz9Qumd0VPaMrZlF9V9sA=="],

    "pump": ["pump@3.0.3", "", { "dependencies": { "end-of-stream": "^1.1.0", "once": "^1.3.1" } }, "sha512-todwxLMY7/heScKmntwQG8CXVkWUOdYxIvY2s0VWAAMh/nd8SoYiRaKjlr7+iCs984f2P8zvrfWcDDYVb73NfA=="],

    "pure-rand": ["pure-rand@8.4.2", "", {}, "sha512-vvuOGgcuPJAirlHvuQw1TrOiw7ptaIXXmIbNuiNOY6lNGJJH49PQ1Kj4nd783nPdQhQdicgOjVI2yI/9BD6/Ng=="],

    "quick-lru": ["quick-lru@5.1.1", "", {}, "sha512-WuyALRjWPDGtt/wzJiadO5AXY+8hZ80hVpe6MyivgraREW751X3SbhRvG3eLKOYN+8VEvqLcf3wdnt44Z4S4SA=="],

    "resolve-alpn": ["resolve-alpn@1.2.1", "", {}, "sha512-0a1F4l73/ZFZOakJnQ3FvkJ2+gSTQWz/r2KE5OdDY0TxPm5h4GkqkWWfM47T7HsbnOtcJVEF4epCVy6u7Q3K+g=="],

    "responselike": ["responselike@2.0.1", "", { "dependencies": { "lowercase-keys": "^2.0.0" } }, "sha512-4gl03wn3hj1HP3yzgdI7d3lCkF95F21Pz4BPGvKHinyQzALR5CapwC8yIi0Rh58DEMQ/SguC03wFj2k0M/mHhw=="],

    "roarr": ["roarr@2.15.4", "", { "dependencies": { "boolean": "^3.0.1", "detect-node": "^2.0.4", "globalthis": "^1.0.1", "json-stringify-safe": "^5.0.1", "semver-compare": "^1.0.0", "sprintf-js": "^1.1.2" } }, "sha512-CHhPh+UNHD2GTXNYhPWLnU8ONHdI+5DI+4EYIAOaiD63rHeYlZvyh8P+in5999TTSFgUYuKUAjzRI4mdh/p+2A=="],

    "semver": ["semver@6.3.1", "", { "bin": { "semver": "bin/semver.js" } }, "sha512-BR7VvDCVHO+q2xBEWskxS6DJE1qRnb7DxzUrogb71CWoSficBxYsiAGd+Kl0mmq/MprG9yArRkyrQxTO6XjMzA=="],

    "semver-compare": ["semver-compare@1.0.0", "", {}, "sha512-YM3/ITh2MJ5MtzaM429anh+x2jiLVjqILF4m4oyQB18W7Ggea7BfqdH/wGMK7dDiMghv/6WG7znWMwUDzJiXow=="],

    "serialize-error": ["serialize-error@7.0.1", "", { "dependencies": { "type-fest": "^0.13.1" } }, "sha512-8I8TjW5KMOKsZQTvoxjuSIa7foAwPWGOts+6o7sgjz41/qMD9VQHEDxi6PBvK2l0MXUmqZyNpUK+T2tQaaElvw=="],

    "sprintf-js": ["sprintf-js@1.1.3", "", {}, "sha512-Oo+0REFV59/rz3gfJNKQiBlwfHaSESl1pcGyABQsnnIfWOFt6JNj5gCog2U6MLZ//IGYD+nA8nI+mTShREReaA=="],

    "sumchecker": ["sumchecker@3.0.1", "", { "dependencies": { "debug": "^4.1.0" } }, "sha512-MvjXzkz/BOfyVDkG0oFOtBxHX2u3gKbMHIF/dXblZsgD3BWOFLmHovIpZY7BykJdAjcqRCBi1WYBNdEC9yI7vg=="],

    "tinypool": ["tinypool@2.1.0", "", {}, "sha512-Pugqs6M0m7Lv1I7FtxN4aoyToKg1C4tu+/381vH35y8oENM/Ai7f7C4StcoK4/+BSw9ebcS8jRiVrORFKCALLw=="],

    "type-fest": ["type-fest@0.13.1", "", {}, "sha512-34R7HTnG0XIJcBSn5XhDd7nNFPRcXYRZrBB2O2jdKqYODldSzBAqzsWoZYYvduky73toYS/ESqxPvkDf/F0XMg=="],

    "typescript": ["typescript@5.9.3", "", { "bin": { "tsc": "bin/tsc", "tsserver": "bin/tsserver" } }, "sha512-jl1vZzPDinLr9eUt3J/t7V6FgNEw9QjvBPdysz9KfQDD41fQrC2Y4vKQdiaUpFT4bXlb1RHhLpp8wtm6M5TgSw=="],

    "undici-types": ["undici-types@6.21.0", "", {}, "sha512-iwDZqg0QAGrg9Rav5H4n0M64c3mkR59cJ6wQp+7C4nI0gsmExaedaYLNO44eT4AtBBwjbTiGPMlt2Md0T9H9JQ=="],

    "universalify": ["universalify@0.1.2", "", {}, "sha512-rBJeI5CXAlmy1pV+617WB9J63U6XcazHHF2f2dbJix4XzpUF0RS3Zbj0FGIOCAva5P/d/GBOYaACQ1w+0azUkg=="],

    "wrappy": ["wrappy@1.0.2", "", {}, "sha512-l4Sp/DRseor9wL6EvV2+TuQn63dMkPjZ/sp9XkghTEbV9KlPS1xUsZ3u7/IQO4wxtcFB4bgpQPRcR3QCvezPcQ=="],

    "yauzl": ["yauzl@2.10.0", "", { "dependencies": { "buffer-crc32": "~0.2.3", "fd-slicer": "~1.1.0" } }, "sha512-p4a9I6X6nu6IhoGmBqAcbJy1mlC4j27vEPZX9F4L4/vZT3Lyq1VkFHw/V/PUcB9Buo+DG3iHkT0x3Qya58zc3g=="],

    "clone-response/mimic-response": ["mimic-response@1.0.1", "", {}, "sha512-j5EctnkH7amfV/q5Hgmoal1g2QHFJRraOtmx0JpIqkxhBhI/lJSl1nMpQ45hVarwNETOoWEimndZ4QK0RHxuxQ=="],

    "global-agent/semver": ["semver@7.7.3", "", { "bin": { "semver": "bin/semver.js" } }, "sha512-SdsKMrI9TdgjdweUSR9MweHA4EJ8YxHn8DFaDisvhVlUOe4BF1tLD7GAj0lIqWVl+dPb/rExr0Btby5loQm20Q=="],
  }
}
